
Microsoft Visual Studio Solution File, Format Version 12.00
# Visual Studio Version 17
VisualStudioVersion = 17.5.002.0
MinimumVisualStudioVersion = 10.0.40219.1
Project("{9A19103F-16F7-4668-BE54-9A1E7A4F7556}") = "vscode-explains-linq", "vscode-explains-linq.csproj", "{F2875160-B057-4054-A8E3-9ACC6F9C632A}"
EndProject
Global
	GlobalSection(SolutionConfigurationPlatforms) = preSolution
		Debug|Any CPU = Debug|Any CPU
		Release|Any CPU = Release|Any CPU
	EndGlobalSection
	GlobalSection(ProjectConfigurationPlatforms) = postSolution
		{F2875160-B057-4054-A8E3-9ACC6F9C632A}.Debug|Any CPU.ActiveCfg = Debug|Any CPU
		{F2875160-B057-4054-A8E3-9ACC6F9C632A}.Debug|Any CPU.Build.0 = Debug|Any CPU
		{F2875160-B057-4054-A8E3-9ACC6F9C632A}.Release|Any CPU.ActiveCfg = Release|Any CPU
		{F2875160-B057-4054-A8E3-9ACC6F9C632A}.Release|Any CPU.Build.0 = Release|Any CPU
	EndGlobalSection
	GlobalSection(SolutionProperties) = preSolution
		HideSolutionNode = FALSE
	EndGlobalSection
	GlobalSection(ExtensibilityGlobals) = postSolution
		SolutionGuid = {DE86C086-1C3B-45BB-BADB-7520E05BA8F0}
	EndGlobalSection
EndGlobal
